Microsoft Visual Studio Solution File, Format Version 12.00
# Visual Studio Version 17
VisualStudioVersion = 17.5.2.0
MinimumVisualStudioVersion = 10.0.40219.1
Project("{FAE04EC0-301F-11D3-BF4B-00C04F79EFBC}") = "rinha-de-backend-2025", "rinha-de-backend-2025.csproj", "{76170BB6-4F9A-9135-4742-17A627833A60}"
EndProject
Global
	GlobalSection(SolutionConfigurationPlatforms) = preSolution
		Debug|Any CPU = Debug|Any CPU
		Release|Any CPU = Release|Any CPU
	EndGlobalSection
	GlobalSection(ProjectConfigurationPlatforms) = postSolution
		{76170BB6-4F9A-9135-4742-17A627833A60}.Debug|Any CPU.ActiveCfg = Debug|Any CPU
		{76170BB6-4F9A-9135-4742-17A627833A60}.Debug|Any CPU.Build.0 = Debug|Any CPU
		{76170BB6-4F9A-9135-4742-17A627833A60}.Release|Any CPU.ActiveCfg = Release|Any CPU
		{76170BB6-4F9A-9135-4742-17A627833A60}.Release|Any CPU.Build.0 = Release|Any CPU
	EndGlobalSection
	GlobalSection(SolutionProperties) = preSolution
		HideSolutionNode = FALSE
	EndGlobalSection
	GlobalSection(ExtensibilityGlobals) = postSolution
		SolutionGuid = {136D28F5-8685-4138-9F8D-3646AA7AC056}
	EndGlobalSection
EndGlobal
